// !$*UTF8*$!
{
	archiveVersion = 1;
	classes = {
	};
	objectVersion = 50;
	objects = {

/* Begin PBXBuildFile section */
		F90F4A0E2472872200200835 /* AppDelegate.swift in Sources */ = {isa = PBXBuildFile; fileRef = F90F4A0D2472872200200835 /* AppDelegate.swift */; };
		F90F4A102472872200200835 /* SceneDelegate.swift in Sources */ = {isa = PBXBuildFile; fileRef = F90F4A0F2472872200200835 /* SceneDelegate.swift */; };
		F90F4A122472872200200835 /* ViewController.swift in Sources */ = {isa = PBXBuildFile; fileRef = F90F4A112472872200200835 /* ViewController.swift */; };
		F90F4A152472872200200835 /* Main.storyboard in Resources */ = {isa = PBXBuildFile; fileRef = F90F4A132472872200200835 /* Main.storyboard */; };
		F90F4A172472872500200835 /* Assets.xcassets in Resources */ = {isa = PBXBuildFile; fileRef = F90F4A162472872500200835 /* Assets.xcassets */; };
		F90F4A1A2472872500200835 /* LaunchScreen.storyboard in Resources */ = {isa = PBXBuildFile; fileRef = F90F4A182472872500200835 /* LaunchScreen.storyboard */; };
		F9D526F124790A5F00B1001E /* EditViewController.swift in Sources */ = {isa = PBXBuildFile; fileRef = F9D526F024790A5F00B1001E /* EditViewController.swift */; };
		F9D526F324790B8600B1001E /* DetailViewController.swift in Sources */ = {isa = PBXBuildFile; fileRef = F9D526F224790B8600B1001E /* DetailViewController.swift */; };
		F9D526F524790B9400B1001E /* SearchViewController.swift in Sources */ = {isa = PBXBuildFile; fileRef = F9D526F424790B9400B1001E /* SearchViewController.swift */; };
/* End PBXBuildFile section */

/* Begin PBXFileReference section */
		F90F4A0A2472872200200835 /* Cheeseliber.app */ = {isa = PBXFileReference; explicitFileType = wrapper.application; includeInIndex = 0; path = Cheeseliber.app; sourceTree = BUILT_PRODUCTS_DIR; };
		F90F4A0D2472872200200835 /* AppDelegate.swift */ = {isa = PBXFileReference; lastKnownFileType = sourcecode.swift; path = AppDelegate.swift; sourceTree = "<group>"; };
		F90F4A0F2472872200200835 /* SceneDelegate.swift */ = {isa = PBXFileReference; lastKnownFileType = sourcecode.swift; path = SceneDelegate.swift; sourceTree = "<group>"; };
		F90F4A112472872200200835 /* ViewController.swift */ = {isa = PBXFileReference; lastKnownFileType = sourcecode.swift; path = ViewController.swift; sourceTree = "<group>"; };
		F90F4A142472872200200835 /* Base */ = {isa = PBXFileReference; lastKnownFileType = file.storyboard; name = Base; path = Base.lproj/Main.storyboard; sourceTree = "<group>"; };
		F90F4A162472872500200835 /* Assets.xcassets */ = {isa = PBXFileReference; lastKnownFileType = folder.assetcatalog; path = Assets.xcassets; sourceTree = "<group>"; };
		F90F4A192472872500200835 /* Base */ = {isa = PBXFileReference; lastKnownFileType = file.storyboard; name = Base; path = Base.lproj/LaunchScreen.storyboard; sourceTree = "<group>"; };
		F90F4A1B2472872500200835 /* Info.plist */ = {isa = PBXFileReference; lastKnownFileType = text.plist.xml; path = Info.plist; sourceTree = "<group>"; };
		F9D526F024790A5F00B1001E /* EditViewController.swift */ = {isa = PBXFileReference; lastKnownFileType = sourcecode.swift; path = EditViewController.swift; sourceTree = "<group>"; };
		F9D526F224790B8600B1001E /* DetailViewController.swift */ = {isa = PBXFileReference; lastKnownFileType = sourcecode.swift; path = DetailViewController.swift; sourceTree = "<group>"; };
		F9D526F424790B9400B1001E /* SearchViewController.swift */ = {isa = PBXFileReference; lastKnownFileType = sourcecode.swift; path = SearchViewController.swift; sourceTree = "<group>"; };
/* End PBXFileReference section */

/* Begin PBXFrameworksBuildPhase section */
		F90F4A072472872200200835 /* Frameworks */ = {
			isa = PBXFrameworksBuildPhase;
			buildActionMask = 2147483647;
			files = (
			);
			runOnlyForDeploymentPostprocessing = 0;
		};
/* End PBXFrameworksBuildPhase section */

/* Begin PBXGroup section */
		F90F4A012472872200200835 = {
			isa = PBXGroup;
			children = (
				F90F4A0C2472872200200835 /* Cheese */,
				F90F4A0B2472872200200835 /* Products */,
			);
			sourceTree = "<group>";
		};
		F90F4A0B2472872200200835 /* Products */ = {
			isa = PBXGroup;
			children = (
				F90F4A0A2472872200200835 /* Cheeseliber.app */,
			);
			name = Products;
			sourceTree = "<group>";
		};
		F90F4A0C2472872200200835 /* Cheese */ = {
			isa = PBXGroup;
			children = (
				F90F4A0D2472872200200835 /* AppDelegate.swift */,
				F90F4A0F2472872200200835 /* SceneDelegate.swift */,
				F90F4A112472872200200835 /* ViewController.swift */,
				F9D526F024790A5F00B1001E /* EditViewController.swift */,
				F9D526F224790B8600B1001E /* DetailViewController.swift */,
				F9D526F424790B9400B1001E /* SearchViewController.swift */,
				F90F4A132472872200200835 /* Main.storyboard */,
				F90F4A162472872500200835 /* Assets.xcassets */,
				F90F4A182472872500200835 /* LaunchScreen.storyboard */,
				F90F4A1B2472872500200835 /* Info.plist */,
			);
			path = Cheese;
			sourceTree = "<group>";
		};
/* End PBXGroup section */

/* Begin PBXNativeTarget section */
		F90F4A092472872200200835 /* Cheese */ = {
			isa = PBXNativeTarget;
			buildConfigurationList = F90F4A1E2472872500200835 /* Build configuration list for PBXNativeTarget "Cheese" */;
			buildPhases = (
				F90F4A062472872200200835 /* Sources */,
				F90F4A072472872200200835 /* Frameworks */,
				F90F4A082472872200200835 /* Resources */,
			);
			buildRules = (
			);
			dependencies = (
			);
			name = Cheese;
			productName = Cheese;
			productReference = F90F4A0A2472872200200835 /* Cheeseliber.app */;
			productType = "com.apple.product-type.application";
		};
/* End PBXNativeTarget section */

/* Begin PBXProject section */
		F90F4A022472872200200835 /* Project object */ = {
			isa = PBXProject;
			attributes = {
				LastSwiftUpdateCheck = 1140;
				LastUpgradeCheck = 1140;
				ORGANIZATIONNAME = "森田貴帆";
				TargetAttributes = {
					F90F4A092472872200200835 = {
						CreatedOnToolsVersion = 11.4.1;
					};
				};
			};
			buildConfigurationList = F90F4A052472872200200835 /* Build configuration list for PBXProject "Cheese" */;
			compatibilityVersion = "Xcode 9.3";
			developmentRegion = en;
			hasScannedForEncodings = 0;
			knownRegions = (
				en,
				Base,
			);
			mainGroup = F90F4A012472872200200835;
			productRefGroup = F90F4A0B2472872200200835 /* Products */;
			projectDirPath = "";
			projectRoot = "";
			targets = (
				F90F4A092472872200200835 /* Cheese */,
			);
		};
/* End PBXProject section */

/* Begin PBXResourcesBuildPhase section */
		F90F4A082472872200200835 /* Resources */ = {
			isa = PBXResourcesBuildPhase;
			buildActionMask = 2147483647;
			files = (
				F90F4A1A2472872500200835 /* LaunchScreen.storyboard in Resources */,
				F90F4A172472872500200835 /* Assets.xcassets in Resources */,
				F90F4A152472872200200835 /* Main.storyboard in Resources */,
			);
			runOnlyForDeploymentPostprocessing = 0;
		};
/* End PBXResourcesBuildPhase section */

/* Begin PBXSourcesBuildPhase section */
		F90F4A062472872200200835 /* Sources */ = {
			isa = PBXSourcesBuildPhase;
			buildActionMask = 2147483647;
			files = (
				F9D526F524790B9400B1001E /* SearchViewController.swift in Sources */,
				F9D526F124790A5F00B1001E /* EditViewController.swift in Sources */,
				F90F4A122472872200200835 /* ViewController.swift in Sources */,
				F9D526F324790B8600B1001E /* DetailViewController.swift in Sources */,
				F90F4A0E2472872200200835 /* AppDelegate.swift in Sources */,
				F90F4A102472872200200835 /* SceneDelegate.swift in Sources */,
			);
			runOnlyForDeploymentPostprocessing = 0;
		};
/* End PBXSourcesBuildPhase section */

/* Begin PBXVariantGroup section */
		F90F4A132472872200200835 /* Main.storyboard */ = {
			isa = PBXVariantGroup;
			children = (
				F90F4A142472872200200835 /* Base */,
			);
			name = Main.storyboard;
			sourceTree = "<group>";
		};
		F90F4A182472872500200835 /* LaunchScreen.storyboard */ = {
			isa = PBXVariantGroup;
			children = (
				F90F4A192472872500200835 /* Base */,
			);
			name = LaunchScreen.storyboard;
			sourceTree = "<group>";
		};
/* End PBXVariantGroup section */

/* Begin XCBuildConfiguration section */
		F90F4A1C2472872500200835 /* Debug */ = {
			isa = XCBuildConfiguration;
			buildSettings = {
				ALWAYS_SEARCH_USER_PATHS = NO;
				CLANG_ANALYZER_NONNULL = YES;
				CLANG_ANALYZER_NUMBER_OBJECT_CONVERSION = YES_AGGRESSIVE;
				CLANG_CXX_LANGUAGE_STANDARD = "gnu++14";
				CLANG_CXX_LIBRARY = "libc++";
				CLANG_ENABLE_MODULES = YES;
				CLANG_ENABLE_OBJC_ARC = YES;
				CLANG_ENABLE_OBJC_WEAK = YES;
				CLANG_WARN_BLOCK_CAPTURE_AUTORELEASING = YES;
				CLANG_WARN_BOOL_CONVERSION = YES;
				CLANG_WARN_COMMA = YES;
				CLANG_WARN_CONSTANT_CONVERSION = YES;
				CLANG_WARN_DEPRECATED_OBJC_IMPLEMENTATIONS = YES;
				CLANG_WARN_DIRECT_OBJC_ISA_USAGE = YES_ERROR;
				CLANG_WARN_DOCUMENTATION_COMMENTS = YES;
				CLANG_WARN_EMPTY_BODY = YES;
				CLANG_WARN_ENUM_CONVERSION = YES;
				CLANG_WARN_INFINITE_RECURSION = YES;
				CLANG_WARN_INT_CONVERSION = YES;
				CLANG_WARN_NON_LITERAL_NULL_CONVERSION = YES;
				CLANG_WARN_OBJC_IMPLICIT_RETAIN_SELF = YES;
				CLANG_WARN_OBJC_LITERAL_CONVERSION = YES;
				CLANG_WARN_OBJC_ROOT_CLASS = YES_ERROR;
				CLANG_WARN_RANGE_LOOP_ANALYSIS = YES;
				CLANG_WARN_STRICT_PROTOTYPES = YES;
				CLANG_WARN_SUSPICIOUS_MOVE = YES;
				CLANG_WARN_UNGUARDED_AVAILABILITY = YES_AGGRESSIVE;
				CLANG_WARN_UNREACHABLE_CODE = YES;
				CLANG_WARN__DUPLICATE_METHOD_MATCH = YES;
				COPY_PHASE_STRIP = NO;
				DEBUG_INFORMATION_FORMAT = dwarf;
				ENABLE_STRICT_OBJC_MSGSEND = YES;
				ENABLE_TESTABILITY = YES;
				GCC_C_LANGUAGE_STANDARD = gnu11;
				GCC_DYNAMIC_NO_PIC = NO;
				GCC_NO_COMMON_BLOCKS = YES;
				GCC_OPTIMIZATION_LEVEL = 0;
				GCC_PREPROCESSOR_DEFINITIONS = (
					"DEBUG=1",
					"$(inherited)",
				);
				GCC_WARN_64_TO_32_BIT_CONVERSION = YES;
				GCC_WARN_ABOUT_RETURN_TYPE = YES_ERROR;
				GCC_WARN_UNDECLARED_SELECTOR = YES;
				GCC_WARN_UNINITIALIZED_AUTOS = YES_AGGRESSIVE;
				GCC_WARN_UNUSED_FUNCTION = YES;
				GCC_WARN_UNUSED_VARIABLE = YES;
				IPHONEOS_DEPLOYMENT_TARGET = 13.4;
				MTL_ENABLE_DEBUG_INFO = INCLUDE_SOURCE;
				MTL_FAST_MATH = YES;
				ONLY_ACTIVE_ARCH = YES;
				SDKROOT = iphoneos;
				SWIFT_ACTIVE_COMPILATION_CONDITIONS = DEBUG;
				SWIFT_OPTIMIZATION_LEVEL = "-Onone";
			};
			name = Debug;
		};
		F90F4A1D2472872500200835 /* Release */ = {
			isa = XCBuildConfiguration;
			buildSettings = {
				ALWAYS_SEARCH_USER_PATHS = NO;
				CLANG_ANALYZER_NONNULL = YES;
				CLANG_ANALYZER_NUMBER_OBJECT_CONVERSION = YES_AGGRESSIVE;
				CLANG_CXX_LANGUAGE_STANDARD = "gnu++14";
				CLANG_CXX_LIBRARY = "libc++";
				CLANG_ENABLE_MODULES = YES;
				CLANG_ENABLE_OBJC_ARC = YES;
				CLANG_ENABLE_OBJC_WEAK = YES;
				CLANG_WARN_BLOCK_CAPTURE_AUTORELEASING = YES;
				CLANG_WARN_BOOL_CONVERSION = YES;
				CLANG_WARN_COMMA = YES;
				CLANG_WARN_CONSTANT_CONVERSION = YES;
				CLANG_WARN_DEPRECATED_OBJC_IMPLEMENTATIONS = YES;
				CLANG_WARN_DIRECT_OBJC_ISA_USAGE = YES_ERROR;
				CLANG_WARN_DOCUMENTATION_COMMENTS = YES;
				CLANG_WARN_EMPTY_BODY = YES;
				CLANG_WARN_ENUM_CONVERSION = YES;
				CLANG_WARN_INFINITE_RECURSION = YES;
				CLANG_WARN_INT_CONVERSION = YES;
				CLANG_WARN_NON_LITERAL_NULL_CONVERSION = YES;
				CLANG_WARN_OBJC_IMPLICIT_RETAIN_SELF = YES;
				CLANG_WARN_OBJC_LITERAL_CONVERSION = YES;
				CLANG_WARN_OBJC_ROOT_CLASS = YES_ERROR;
				CLANG_WARN_RANGE_LOOP_ANALYSIS = YES;
				CLANG_WARN_STRICT_PROTOTYPES = YES;
				CLANG_WARN_SUSPICIOUS_MOVE = YES;
				CLANG_WARN_UNGUARDED_AVAILABILITY = YES_AGGRESSIVE;
				CLANG_WARN_UNREACHABLE_CODE = YES;
				CLANG_WARN__DUPLICATE_METHOD_MATCH = YES;
				COPY_PHASE_STRIP = NO;
				DEBUG_INFORMATION_FORMAT = "dwarf-with-dsym";
				ENABLE_NS_ASSERTIONS = NO;
				ENABLE_STRICT_OBJC_MSGSEND = YES;
				GCC_C_LANGUAGE_STANDARD = gnu11;
				GCC_NO_COMMON_BLOCKS = YES;
				GCC_WARN_64_TO_32_BIT_CONVERSION = YES;
				GCC_WARN_ABOUT_RETURN_TYPE = YES_ERROR;
				GCC_WARN_UNDECLARED_SELECTOR = YES;
				GCC_WARN_UNINITIALIZED_AUTOS = YES_AGGRESSIVE;
				GCC_WARN_UNUSED_FUNCTION = YES;
				GCC_WARN_UNUSED_VARIABLE = YES;
				IPHONEOS_DEPLOYMENT_TARGET = 13.4;
				MTL_ENABLE_DEBUG_INFO = NO;
				MTL_FAST_MATH = YES;
				SDKROOT = iphoneos;
				SWIFT_COMPILATION_MODE = wholemodule;
				SWIFT_OPTIMIZATION_LEVEL = "-O";
				VALIDATE_PRODUCT = YES;
			};
			name = Release;
		};
		F90F4A1F2472872500200835 /* Debug */ = {
			isa = XCBuildConfiguration;
			buildSettings = {
				ASSETCATALOG_COMPILER_APPICON_NAME = AppIcon;
				CODE_SIGN_IDENTITY = "iPhone Distribution";
				CODE_SIGN_STYLE = Manual;
				CURRENT_PROJECT_VERSION = 1.0.1;
				DEVELOPMENT_TEAM = 2K446D59RQ;
				INFOPLIST_FILE = Cheese/Info.plist;
				LD_RUNPATH_SEARCH_PATHS = (
					"$(inherited)",
					"@executable_path/Frameworks",
				);
				PRODUCT_BUNDLE_IDENTIFIER = jp.co.lifeistech.cheeseliber;
				PRODUCT_NAME = Cheeseliber;
				PROVISIONING_PROFILE_SPECIFIER = "L12KihoMorita-Distribution";
				SWIFT_VERSION = 5.0;
				TARGETED_DEVICE_FAMILY = "1,2";
			};
			name = Debug;
		};
		F90F4A202472872500200835 /* Release */ = {
			isa = XCBuildConfiguration;
			buildSettings = {
				ASSETCATALOG_COMPILER_APPICON_NAME = AppIcon;
				CODE_SIGN_IDENTITY = "iPhone Distribution";
				CODE_SIGN_STYLE = Manual;
				CURRENT_PROJECT_VERSION = 1.0.1;
				DEVELOPMENT_TEAM = 2K446D59RQ;
				INFOPLIST_FILE = Cheese/Info.plist;
				LD_RUNPATH_SEARCH_PATHS = (
					"$(inherited)",
					"@executable_path/Frameworks",
				);
				PRODUCT_BUNDLE_IDENTIFIER = jp.co.lifeistech.cheeseliber;
				PRODUCT_NAME = Cheeseliber;
				PROVISIONING_PROFILE_SPECIFIER = "L12KihoMorita-Distribution";
				SWIFT_VERSION = 5.0;
				TARGETED_DEVICE_FAMILY = "1,2";
			};
			name = Release;
		};
/* End XCBuildConfiguration section */

/* Begin XCConfigurationList section */
		F90F4A052472872200200835 /* Build configuration list for PBXProject "Cheese" */ = {
			isa = XCConfigurationList;
			buildConfigurations = (
				F90F4A1C2472872500200835 /* Debug */,
				F90F4A1D2472872500200835 /* Release */,
			);
			defaultConfigurationIsVisible = 0;
			defaultConfigurationName = Release;
		};
		F90F4A1E2472872500200835 /* Build configuration list for PBXNativeTarget "Cheese" */ = {
			isa = XCConfigurationList;
			buildConfigurations = (
				F90F4A1F2472872500200835 /* Debug */,
				F90F4A202472872500200835 /* Release */,
			);
			defaultConfigurationIsVisible = 0;
			defaultConfigurationName = Release;
		};
/* End XCConfigurationList section */
	};
	rootObject = F90F4A022472872200200835 /* Project object */;
}
